
Microsoft Visual Studio Solution File, Format Version 12.00
# Visual Studio Version 16
VisualStudioVersion = 16.0.31624.102
MinimumVisualStudioVersion = 10.0.40219.1
Project("{FAE04EC0-301F-11D3-BF4B-00C04F79EFBC}") = "MyStore", "MyStore\MyStore.csproj", "{2D0947FF-302D-4450-8CA2-B88E148221EF}"
EndProject
Global
	GlobalSection(SolutionConfigurationPlatforms) = preSolution
		Debug|Any CPU = Debug|Any CPU
		Release|Any CPU = Release|Any CPU
	EndGlobalSection
	GlobalSection(ProjectConfigurationPlatforms) = postSolution
		{2D0947FF-302D-4450-8CA2-B88E148221EF}.Debug|Any CPU.ActiveCfg = Debug|Any CPU
		{2D0947FF-302D-4450-8CA2-B88E148221EF}.Debug|Any CPU.Build.0 = Debug|Any CPU
		{2D0947FF-302D-4450-8CA2-B88E148221EF}.Release|Any CPU.ActiveCfg = Release|Any CPU
		{2D0947FF-302D-4450-8CA2-B88E148221EF}.Release|Any CPU.Build.0 = Release|Any CPU
	EndGlobalSection
	GlobalSection(SolutionProperties) = preSolution
		HideSolutionNode = FALSE
	EndGlobalSection
	GlobalSection(ExtensibilityGlobals) = postSolution
		SolutionGuid = {B2D50471-6E86-4E4C-8C4A-23FAAE44B711}
	EndGlobalSection
EndGlobal
